
Microsoft Visual Studio Solution File, Format Version 12.00
# Visual Studio Version 17
VisualStudioVersion = 17.7.34024.191
MinimumVisualStudioVersion = 10.0.40219.1
Project("{FAE04EC0-301F-11D3-BF4B-00C04F79EFBC}") = "Lecture7", "Lecture7.csproj", "{DF822182-5E20-4D13-90D0-D62141D52F2C}"
EndProject
Global
	GlobalSection(SolutionConfigurationPlatforms) = preSolution
		Debug|Any CPU = Debug|Any CPU
		Release|Any CPU = Release|Any CPU
	EndGlobalSection
	GlobalSection(ProjectConfigurationPlatforms) = postSolution
		{DF822182-5E20-4D13-90D0-D62141D52F2C}.Debug|Any CPU.ActiveCfg = Debug|Any CPU
		{DF822182-5E20-4D13-90D0-D62141D52F2C}.Debug|Any CPU.Build.0 = Debug|Any CPU
		{DF822182-5E20-4D13-90D0-D62141D52F2C}.Release|Any CPU.ActiveCfg = Release|Any CPU
		{DF822182-5E20-4D13-90D0-D62141D52F2C}.Release|Any CPU.Build.0 = Release|Any CPU
	EndGlobalSection
	GlobalSection(SolutionProperties) = preSolution
		HideSolutionNode = FALSE
	EndGlobalSection
	GlobalSection(ExtensibilityGlobals) = postSolution
		SolutionGuid = {84325B1D-89C4-4805-96BB-732D3CEA4BE1}
	EndGlobalSection
EndGlobal
