
Microsoft Visual Studio Solution File, Format Version 12.00
# Visual Studio Version 17
VisualStudioVersion = 17.7.34024.191
MinimumVisualStudioVersion = 10.0.40219.1
Project("{FAE04EC0-301F-11D3-BF4B-00C04F79EFBC}") = "Lecture18Composition", "Lecture18Composition.csproj", "{17248A11-EEB7-408A-B788-ECD3049F0472}"
EndProject
Global
	GlobalSection(SolutionConfigurationPlatforms) = preSolution
		Debug|Any CPU = Debug|Any CPU
		Release|Any CPU = Release|Any CPU
	EndGlobalSection
	GlobalSection(ProjectConfigurationPlatforms) = postSolution
		{17248A11-EEB7-408A-B788-ECD3049F0472}.Debug|Any CPU.ActiveCfg = Debug|Any CPU
		{17248A11-EEB7-408A-B788-ECD3049F0472}.Debug|Any CPU.Build.0 = Debug|Any CPU
		{17248A11-EEB7-408A-B788-ECD3049F0472}.Release|Any CPU.ActiveCfg = Release|Any CPU
		{17248A11-EEB7-408A-B788-ECD3049F0472}.Release|Any CPU.Build.0 = Release|Any CPU
	EndGlobalSection
	GlobalSection(SolutionProperties) = preSolution
		HideSolutionNode = FALSE
	EndGlobalSection
	GlobalSection(ExtensibilityGlobals) = postSolution
		SolutionGuid = {FC7EA95E-C4DA-4C0E-B4DE-2FE5EC0875AC}
	EndGlobalSection
EndGlobal
