
Microsoft Visual Studio Solution File, Format Version 12.00
# Visual Studio Version 17
VisualStudioVersion = 17.7.34024.191
MinimumVisualStudioVersion = 10.0.40219.1
Project("{FAE04EC0-301F-11D3-BF4B-00C04F79EFBC}") = "Lecture9", "Lecture9.csproj", "{C109E3A3-0E2F-489D-A49D-7EEEC46C6EE7}"
EndProject
Global
	GlobalSection(SolutionConfigurationPlatforms) = preSolution
		Debug|Any CPU = Debug|Any CPU
		Release|Any CPU = Release|Any CPU
	EndGlobalSection
	GlobalSection(ProjectConfigurationPlatforms) = postSolution
		{C109E3A3-0E2F-489D-A49D-7EEEC46C6EE7}.Debug|Any CPU.ActiveCfg = Debug|Any CPU
		{C109E3A3-0E2F-489D-A49D-7EEEC46C6EE7}.Debug|Any CPU.Build.0 = Debug|Any CPU
		{C109E3A3-0E2F-489D-A49D-7EEEC46C6EE7}.Release|Any CPU.ActiveCfg = Release|Any CPU
		{C109E3A3-0E2F-489D-A49D-7EEEC46C6EE7}.Release|Any CPU.Build.0 = Release|Any CPU
	EndGlobalSection
	GlobalSection(SolutionProperties) = preSolution
		HideSolutionNode = FALSE
	EndGlobalSection
	GlobalSection(ExtensibilityGlobals) = postSolution
		SolutionGuid = {A7A725CB-E8BA-42A3-B5EB-449CED913DAD}
	EndGlobalSection
EndGlobal
