
Microsoft Visual Studio Solution File, Format Version 12.00
# Visual Studio Version 17
VisualStudioVersion = 17.7.34024.191
MinimumVisualStudioVersion = 10.0.40219.1
Project("{FAE04EC0-301F-11D3-BF4B-00C04F79EFBC}") = "Lecture11", "Lecture11.csproj", "{14A8F7C2-E7EB-4AE7-B163-6CF63F793BD5}"
EndProject
Global
	GlobalSection(SolutionConfigurationPlatforms) = preSolution
		Debug|Any CPU = Debug|Any CPU
		Release|Any CPU = Release|Any CPU
	EndGlobalSection
	GlobalSection(ProjectConfigurationPlatforms) = postSolution
		{14A8F7C2-E7EB-4AE7-B163-6CF63F793BD5}.Debug|Any CPU.ActiveCfg = Debug|Any CPU
		{14A8F7C2-E7EB-4AE7-B163-6CF63F793BD5}.Debug|Any CPU.Build.0 = Debug|Any CPU
		{14A8F7C2-E7EB-4AE7-B163-6CF63F793BD5}.Release|Any CPU.ActiveCfg = Release|Any CPU
		{14A8F7C2-E7EB-4AE7-B163-6CF63F793BD5}.Release|Any CPU.Build.0 = Release|Any CPU
	EndGlobalSection
	GlobalSection(SolutionProperties) = preSolution
		HideSolutionNode = FALSE
	EndGlobalSection
	GlobalSection(ExtensibilityGlobals) = postSolution
		SolutionGuid = {B051B297-E3D2-4557-9DE3-F6DE64317C36}
	EndGlobalSection
EndGlobal
