
Microsoft Visual Studio Solution File, Format Version 12.00
# Visual Studio Version 17
VisualStudioVersion = 17.7.34024.191
MinimumVisualStudioVersion = 10.0.40219.1
Project("{FAE04EC0-301F-11D3-BF4B-00C04F79EFBC}") = "Lecture4", "Lecture4.csproj", "{2939E35B-9596-432E-B6EF-4A70BF4A27C7}"
EndProject
Global
	GlobalSection(SolutionConfigurationPlatforms) = preSolution
		Debug|Any CPU = Debug|Any CPU
		Release|Any CPU = Release|Any CPU
	EndGlobalSection
	GlobalSection(ProjectConfigurationPlatforms) = postSolution
		{2939E35B-9596-432E-B6EF-4A70BF4A27C7}.Debug|Any CPU.ActiveCfg = Debug|Any CPU
		{2939E35B-9596-432E-B6EF-4A70BF4A27C7}.Debug|Any CPU.Build.0 = Debug|Any CPU
		{2939E35B-9596-432E-B6EF-4A70BF4A27C7}.Release|Any CPU.ActiveCfg = Release|Any CPU
		{2939E35B-9596-432E-B6EF-4A70BF4A27C7}.Release|Any CPU.Build.0 = Release|Any CPU
	EndGlobalSection
	GlobalSection(SolutionProperties) = preSolution
		HideSolutionNode = FALSE
	EndGlobalSection
	GlobalSection(ExtensibilityGlobals) = postSolution
		SolutionGuid = {0B5B9E3C-61C0-4A09-83EF-E5659A294D6F}
	EndGlobalSection
EndGlobal
