
Microsoft Visual Studio Solution File, Format Version 12.00
# Visual Studio Version 17
VisualStudioVersion = 17.7.34024.191
MinimumVisualStudioVersion = 10.0.40219.1
Project("{FAE04EC0-301F-11D3-BF4B-00C04F79EFBC}") = "Lecture10", "Lecture10.csproj", "{611B7C9C-EB07-43B5-9EEE-4E540ABE2F19}"
EndProject
Global
	GlobalSection(SolutionConfigurationPlatforms) = preSolution
		Debug|Any CPU = Debug|Any CPU
		Release|Any CPU = Release|Any CPU
	EndGlobalSection
	GlobalSection(ProjectConfigurationPlatforms) = postSolution
		{611B7C9C-EB07-43B5-9EEE-4E540ABE2F19}.Debug|Any CPU.ActiveCfg = Debug|Any CPU
		{611B7C9C-EB07-43B5-9EEE-4E540ABE2F19}.Debug|Any CPU.Build.0 = Debug|Any CPU
		{611B7C9C-EB07-43B5-9EEE-4E540ABE2F19}.Release|Any CPU.ActiveCfg = Release|Any CPU
		{611B7C9C-EB07-43B5-9EEE-4E540ABE2F19}.Release|Any CPU.Build.0 = Release|Any CPU
	EndGlobalSection
	GlobalSection(SolutionProperties) = preSolution
		HideSolutionNode = FALSE
	EndGlobalSection
	GlobalSection(ExtensibilityGlobals) = postSolution
		SolutionGuid = {1DDEA7AE-B512-4A83-B8DD-0EC4396369CF}
	EndGlobalSection
EndGlobal
