
Microsoft Visual Studio Solution File, Format Version 12.00
# Visual Studio Version 17
VisualStudioVersion = 17.5.33530.505
MinimumVisualStudioVersion = 10.0.40219.1
Project("{FAE04EC0-301F-11D3-BF4B-00C04F79EFBC}") = "Lecture6CaesarArray", "Lecture6CaesarArray\Lecture6CaesarArray.csproj", "{0A6974D3-9A93-4697-B7C0-567D627E94EC}"
EndProject
Project("{FAE04EC0-301F-11D3-BF4B-00C04F79EFBC}") = "Lecture6CaesarStringBuilder", "Lecture6CaesarStringBuilder\Lecture6CaesarStringBuilder.csproj", "{58BF32E9-F329-4B04-A828-3BBF0408692A}"
EndProject
Global
	GlobalSection(SolutionConfigurationPlatforms) = preSolution
		Debug|Any CPU = Debug|Any CPU
		Release|Any CPU = Release|Any CPU
	EndGlobalSection
	GlobalSection(ProjectConfigurationPlatforms) = postSolution
		{0A6974D3-9A93-4697-B7C0-567D627E94EC}.Debug|Any CPU.ActiveCfg = Debug|Any CPU
		{0A6974D3-9A93-4697-B7C0-567D627E94EC}.Debug|Any CPU.Build.0 = Debug|Any CPU
		{0A6974D3-9A93-4697-B7C0-567D627E94EC}.Release|Any CPU.ActiveCfg = Release|Any CPU
		{0A6974D3-9A93-4697-B7C0-567D627E94EC}.Release|Any CPU.Build.0 = Release|Any CPU
		{58BF32E9-F329-4B04-A828-3BBF0408692A}.Debug|Any CPU.ActiveCfg = Debug|Any CPU
		{58BF32E9-F329-4B04-A828-3BBF0408692A}.Debug|Any CPU.Build.0 = Debug|Any CPU
		{58BF32E9-F329-4B04-A828-3BBF0408692A}.Release|Any CPU.ActiveCfg = Release|Any CPU
		{58BF32E9-F329-4B04-A828-3BBF0408692A}.Release|Any CPU.Build.0 = Release|Any CPU
	EndGlobalSection
	GlobalSection(SolutionProperties) = preSolution
		HideSolutionNode = FALSE
	EndGlobalSection
	GlobalSection(ExtensibilityGlobals) = postSolution
		SolutionGuid = {21179B7E-F694-47D3-9BD8-E92CB74370DD}
	EndGlobalSection
EndGlobal
