
Microsoft Visual Studio Solution File, Format Version 12.00
# Visual Studio Version 17
VisualStudioVersion = 17.7.34024.191
MinimumVisualStudioVersion = 10.0.40219.1
Project("{FAE04EC0-301F-11D3-BF4B-00C04F79EFBC}") = "Lecture3", "Lecture3.csproj", "{089ECE30-24A0-4CE1-B0DB-565E1BDAE656}"
EndProject
Global
	GlobalSection(SolutionConfigurationPlatforms) = preSolution
		Debug|Any CPU = Debug|Any CPU
		Release|Any CPU = Release|Any CPU
	EndGlobalSection
	GlobalSection(ProjectConfigurationPlatforms) = postSolution
		{089ECE30-24A0-4CE1-B0DB-565E1BDAE656}.Debug|Any CPU.ActiveCfg = Debug|Any CPU
		{089ECE30-24A0-4CE1-B0DB-565E1BDAE656}.Debug|Any CPU.Build.0 = Debug|Any CPU
		{089ECE30-24A0-4CE1-B0DB-565E1BDAE656}.Release|Any CPU.ActiveCfg = Release|Any CPU
		{089ECE30-24A0-4CE1-B0DB-565E1BDAE656}.Release|Any CPU.Build.0 = Release|Any CPU
	EndGlobalSection
	GlobalSection(SolutionProperties) = preSolution
		HideSolutionNode = FALSE
	EndGlobalSection
	GlobalSection(ExtensibilityGlobals) = postSolution
		SolutionGuid = {CD211F3B-D9D2-4D76-8479-0ADDDCCBE006}
	EndGlobalSection
EndGlobal
