
Microsoft Visual Studio Solution File, Format Version 12.00
# Visual Studio Version 17
VisualStudioVersion = 17.7.34024.191
MinimumVisualStudioVersion = 10.0.40219.1
Project("{FAE04EC0-301F-11D3-BF4B-00C04F79EFBC}") = "Lecture2FizzBuzz", "Lecture2FizzBuzz.csproj", "{B9281C72-9954-4F7A-95DD-69B9B1869FD9}"
EndProject
Global
	GlobalSection(SolutionConfigurationPlatforms) = preSolution
		Debug|Any CPU = Debug|Any CPU
		Release|Any CPU = Release|Any CPU
	EndGlobalSection
	GlobalSection(ProjectConfigurationPlatforms) = postSolution
		{B9281C72-9954-4F7A-95DD-69B9B1869FD9}.Debug|Any CPU.ActiveCfg = Debug|Any CPU
		{B9281C72-9954-4F7A-95DD-69B9B1869FD9}.Debug|Any CPU.Build.0 = Debug|Any CPU
		{B9281C72-9954-4F7A-95DD-69B9B1869FD9}.Release|Any CPU.ActiveCfg = Release|Any CPU
		{B9281C72-9954-4F7A-95DD-69B9B1869FD9}.Release|Any CPU.Build.0 = Release|Any CPU
	EndGlobalSection
	GlobalSection(SolutionProperties) = preSolution
		HideSolutionNode = FALSE
	EndGlobalSection
	GlobalSection(ExtensibilityGlobals) = postSolution
		SolutionGuid = {D3287A0A-F88F-4506-A4BD-11D12C253EDE}
	EndGlobalSection
EndGlobal
